
Microsoft Visual Studio Solution File, Format Version 12.00
# Visual Studio Version 16
VisualStudioVersion = 16.0.31424.327
MinimumVisualStudioVersion = 10.0.40219.1
Project("{FAE04EC0-301F-11D3-BF4B-00C04F79EFBC}") = "Client", "Client\Client.csproj", "{C67C24B6-D87B-48AF-9F8F-43DAB02928B0}"
EndProject
Global
	GlobalSection(SolutionConfigurationPlatforms) = preSolution
		Debug|Any CPU = Debug|Any CPU
		Release|Any CPU = Release|Any CPU
	EndGlobalSection
	GlobalSection(ProjectConfigurationPlatforms) = postSolution
		{C67C24B6-D87B-48AF-9F8F-43DAB02928B0}.Debug|Any CPU.ActiveCfg = Debug|Any CPU
		{C67C24B6-D87B-48AF-9F8F-43DAB02928B0}.Debug|Any CPU.Build.0 = Debug|Any CPU
		{C67C24B6-D87B-48AF-9F8F-43DAB02928B0}.Release|Any CPU.ActiveCfg = Release|Any CPU
		{C67C24B6-D87B-48AF-9F8F-43DAB02928B0}.Release|Any CPU.Build.0 = Release|Any CPU
	EndGlobalSection
	GlobalSection(SolutionProperties) = preSolution
		HideSolutionNode = FALSE
	EndGlobalSection
	GlobalSection(ExtensibilityGlobals) = postSolution
		SolutionGuid = {06DFC524-BB81-4CD7-8A2D-C23D01896639}
	EndGlobalSection
EndGlobal
